PODS:
  - Capacitor (8.0.2):
    - CapacitorCordova
  - CapacitorCamera (8.0.0):
    - Capacitor
  - CapacitorCordova (8.0.2)
  - CapacitorLocalNotifications (8.0.0):
    - Capacitor
  - CapgoCapacitorHealth (8.2.12):
    - Capacitor

DEPENDENCIES:
  - "Capacitor (from `../../node_modules/@capacitor/ios`)"
  - "CapacitorCamera (from `../../node_modules/@capacitor/camera`)"
  - "CapacitorCordova (from `../../node_modules/@capacitor/ios`)"
  - "CapacitorLocalNotifications (from `../../node_modules/@capacitor/local-notifications`)"
  - "CapgoCapacitorHealth (from `../../node_modules/@capgo/capacitor-health`)"

EXTERNAL SOURCES:
  Capacitor:
    :path: "../../node_modules/@capacitor/ios"
  CapacitorCamera:
    :path: "../../node_modules/@capacitor/camera"
  CapacitorCordova:
    :path: "../../node_modules/@capacitor/ios"
  CapacitorLocalNotifications:
    :path: "../../node_modules/@capacitor/local-notifications"
  CapgoCapacitorHealth:
    :path: "../../node_modules/@capgo/capacitor-health"

SPEC CHECKSUMS:
  Capacitor: 2b79172ad27f3be2d103cce88b8eb9803fdcc744
  CapacitorCamera: 592acb7ab9fb748e2d8571eb03af30ec4e1ace12
  CapacitorCordova: 921bdb690ebe82421b24fce45552fd3dea2ae43a
  CapacitorLocalNotifications: 177cfbf8228d9bd82a147e094cb7984d7afb9e29
  CapgoCapacitorHealth: 7891ed0f237d55860442e21c69b74f7d2db4dfd9

PODFILE CHECKSUM: faa58525277f03d76d0e625b697ff6d916c155d9

COCOAPODS: 1.16.2
